
Microsoft Visual Studio Solution File, Format Version 12.00
# Visual Studio 15
VisualStudioVersion = 15.0.28010.2046
MinimumVisualStudioVersion = 10.0.40219.1
Project("{FAE04EC0-301F-11D3-BF4B-00C04F79EFBC}") = "RIDERCONNECT_APP", "RIDERCONNECT_APP\RIDERCONNECT_APP.csproj", "{21341871-8D4F-4757-9176-D76E91DA62EF}"
EndProject
Global
	GlobalSection(SolutionConfigurationPlatforms) = preSolution
		Debug|Any CPU = Debug|Any CPU
		Release|Any CPU = Release|Any CPU
	EndGlobalSection
	GlobalSection(ProjectConfigurationPlatforms) = postSolution
		{21341871-8D4F-4757-9176-D76E91DA62EF}.Debug|Any CPU.ActiveCfg = Debug|Any CPU
		{21341871-8D4F-4757-9176-D76E91DA62EF}.Debug|Any CPU.Build.0 = Debug|Any CPU
		{21341871-8D4F-4757-9176-D76E91DA62EF}.Release|Any CPU.ActiveCfg = Release|Any CPU
		{21341871-8D4F-4757-9176-D76E91DA62EF}.Release|Any CPU.Build.0 = Release|Any CPU
	EndGlobalSection
	GlobalSection(SolutionProperties) = preSolution
		HideSolutionNode = FALSE
	EndGlobalSection
	GlobalSection(ExtensibilityGlobals) = postSolution
		SolutionGuid = {5BA60A36-9F79-4143-AB5A-24504A691147}
	EndGlobalSection
EndGlobal
